
Microsoft Visual Studio Solution File, Format Version 12.00
# Visual Studio Version 17
VisualStudioVersion = 17.9.34714.143
MinimumVisualStudioVersion = 10.0.40219.1
Project("{FAE04EC0-301F-11D3-BF4B-00C04F79EFBC}") = "Congestion_Tax_Calculator", "Congestion_Tax_Calculator\Congestion_Tax_Calculator.csproj", "{3C9D2190-3B7F-4E80-844C-3E52649FB228}"
EndProject
Project("{FAE04EC0-301F-11D3-BF4B-00C04F79EFBC}") = "Congestion_Tax_Calculator_Tests", "Congestion_Tax_Calculator_Tests\Congestion_Tax_Calculator_Tests.csproj", "{EA9E7F07-8713-4AB8-8EC5-A0873BEFD205}"
EndProject
Global
	GlobalSection(SolutionConfigurationPlatforms) = preSolution
		Debug|Any CPU = Debug|Any CPU
		Release|Any CPU = Release|Any CPU
	EndGlobalSection
	GlobalSection(ProjectConfigurationPlatforms) = postSolution
		{3C9D2190-3B7F-4E80-844C-3E52649FB228}.Debug|Any CPU.ActiveCfg = Debug|Any CPU
		{3C9D2190-3B7F-4E80-844C-3E52649FB228}.Debug|Any CPU.Build.0 = Debug|Any CPU
		{3C9D2190-3B7F-4E80-844C-3E52649FB228}.Release|Any CPU.ActiveCfg = Release|Any CPU
		{3C9D2190-3B7F-4E80-844C-3E52649FB228}.Release|Any CPU.Build.0 = Release|Any CPU
		{EA9E7F07-8713-4AB8-8EC5-A0873BEFD205}.Debug|Any CPU.ActiveCfg = Debug|Any CPU
		{EA9E7F07-8713-4AB8-8EC5-A0873BEFD205}.Debug|Any CPU.Build.0 = Debug|Any CPU
		{EA9E7F07-8713-4AB8-8EC5-A0873BEFD205}.Release|Any CPU.ActiveCfg = Release|Any CPU
		{EA9E7F07-8713-4AB8-8EC5-A0873BEFD205}.Release|Any CPU.Build.0 = Release|Any CPU
	EndGlobalSection
	GlobalSection(SolutionProperties) = preSolution
		HideSolutionNode = FALSE
	EndGlobalSection
	GlobalSection(ExtensibilityGlobals) = postSolution
		SolutionGuid = {A6BD0DCA-E38B-4C18-B654-3B49E919FFCB}
	EndGlobalSection
EndGlobal
